[[package]]
category = "main"
description = "A small Python module for determining appropriate platform-specific dirs, e.g. a \"user data dir\"."
name = "appdirs"
optional = false
python-versions = "*"
version = "1.4.3"

[[package]]
category = "main"
description = "Classes Without Boilerplate"
name = "attrs"
optional = false
python-versions = ">=2.7, !=3.0.*, !=3.1.*, !=3.2.*, !=3.3.*"
version = "19.1.0"

[[package]]
category = "main"
description = "efficient arrays of booleans -- C extension"
name = "bitarray"
optional = false
python-versions = "*"
version = "1.0.1"

[[package]]
category = "main"
description = "When they're not builtins, they're boltons."
name = "boltons"
optional = false
python-versions = "*"
version = "19.1.0"

[[package]]
category = "main"
description = "Amazon Web Services Library"
name = "boto"
optional = false
python-versions = "*"
version = "2.49.0"

[[package]]
category = "main"
description = "The AWS SDK for Python"
name = "boto3"
optional = false
python-versions = "*"
version = "1.9.220"

[package.dependencies]
botocore = ">=1.12.220,<1.13.0"
jmespath = ">=0.7.1,<1.0.0"
s3transfer = ">=0.2.0,<0.3.0"

[[package]]
category = "main"
description = "Low-level, data-driven core of boto 3."
name = "botocore"
optional = false
python-versions = "*"
version = "1.12.220"

[package.dependencies]
docutils = ">=0.10,<0.16"
jmespath = ">=0.7.1,<1.0.0"

[package.dependencies.python-dateutil]
python = ">=2.7"
version = ">=2.1,<3.0.0"

[package.dependencies.urllib3]
python = ">=3.4"
version = ">=1.20,<1.26"

[[package]]
category = "main"
description = "Python package for providing Mozilla's CA Bundle."
name = "certifi"
optional = false
python-versions = "*"
version = "2019.6.16"

[[package]]
category = "main"
description = "Universal encoding detector for Python 2 and 3"
name = "chardet"
optional = false
python-versions = "*"
version = "3.0.4"

[[package]]
category = "main"
description = "Composable command line interface toolkit"
name = "click"
optional = false
python-versions = ">=2.7, !=3.0.*, !=3.1.*, !=3.2.*, !=3.3.*"
version = "7.0"

[[package]]
category = "main"
description = "Logging integration for Click"
name = "click-log"
optional = false
python-versions = "*"
version = "0.3.2"

[package.dependencies]
click = "*"

[[package]]
category = "main"
description = "CoNLL-U Parser parses a CoNLL-U formatted string into a nested python dictionary"
name = "conllu"
optional = false
python-versions = "*"
version = "1.4"

[[package]]
category = "main"
description = "Composable style cycles"
name = "cycler"
optional = false
python-versions = "*"
version = "0.10.0"

[package.dependencies]
six = "*"

[[package]]
category = "main"
description = "Pythonic argument parser, that will make you smile"
name = "docopt"
optional = false
python-versions = "*"
version = "0.6.2"

[[package]]
category = "main"
description = "Docutils -- Python Documentation Utilities"
name = "docutils"
optional = false
python-versions = ">=2.6, !=3.0.*, !=3.1.*, !=3.2.*"
version = "0.15.2"

[[package]]
category = "main"
description = "Finnish NLP toolkit"
name = "finntk"
optional = false
python-versions = "*"
version = "0.0.61"

[package.dependencies]
appdirs = ">=1.4.3"
gensim = ">=3.4.0"
more-itertools = ">=4.1.0"
nltk = ">=3.3"
plumbum = ">=1.6.6"
portalocker = ">=1.2.1"
pyahocorasick = "*"
scikit-learn = ">=0.19.2"
smart-open = ">=1.7.1"
wordfreq = ">=2.2.0"

[[package]]
category = "main"
description = "Python framework for fast Vector Space Modelling"
name = "gensim"
optional = false
python-versions = "*"
version = "3.8.0"

[package.dependencies]
numpy = ">=1.11.3"
scipy = ">=0.18.1"
six = ">=1.5.0"
smart-open = ">=1.7.0"

[[package]]
category = "main"
description = "Python interface for HFST"
name = "hfst"
optional = false
python-versions = "*"
version = "3.15.0.0b0"

[[package]]
category = "main"
description = "Internationalized Domain Names in Applications (IDNA)"
name = "idna"
optional = false
python-versions = ">=2.7, !=3.0.*, !=3.1.*, !=3.2.*, !=3.3.*"
version = "2.8"

[[package]]
category = "main"
description = "JSON Matching Expressions"
name = "jmespath"
optional = false
python-versions = "*"
version = "0.9.4"

[[package]]
category = "main"
description = "Lightweight pipelining: using Python functions as pipeline jobs."
name = "joblib"
optional = false
python-versions = "*"
version = "0.13.2"

[[package]]
category = "main"
description = "An abstract class that supports jsonserialization/deserialization."
name = "jsonable"
optional = false
python-versions = "*"
version = "0.3.1"

[[package]]
category = "main"
description = "An implementation of JSON Schema validation for Python"
name = "jsonschema"
optional = false
python-versions = "*"
version = "3.0.2"

[package.dependencies]
attrs = ">=17.4.0"
pyrsistent = ">=0.14.0"
setuptools = "*"
six = ">=1.11.0"

[[package]]
category = "main"
description = "A fast implementation of the Cassowary constraint solver"
name = "kiwisolver"
optional = false
python-versions = ">=2.7, !=3.0.*, !=3.1.*, !=3.2.*, !=3.3.*"
version = "1.1.0"

[package.dependencies]
setuptools = "*"

[[package]]
category = "main"
description = "Labels and compares human languages in a standardized way"
name = "langcodes"
optional = false
python-versions = "*"
version = "1.4.1"

[package.dependencies]
marisa-trie = "*"

[[package]]
category = "main"
description = "Language detection library ported from Google's language-detection."
name = "langdetect"
optional = false
python-versions = "*"
version = "1.0.7"

[package.dependencies]
six = "*"

[[package]]
category = "main"
description = ""
name = "lextract"
optional = false
python-versions = "^3.7"
version = "0.0.1"

[package.dependencies]
click = ">=6.7"
click_log = "^0.3.2"
conllu = "^1.1"
finntk = ">=0.0.61"
hfst = "3.15.0.0b0"
opencc = "^0.2"
plumbum = "^1.6.6"
pyahocorasick = "branch stiff-2018-09-20-3"
wikiparse = "branch master"

[package.source]
reference = "18af4d7bc9f75583316d90020d22d0595c28c884"
type = "git"
url = "https://github.com/frankier/lextract.git"
[[package]]
category = "main"
description = "Static memory-efficient and fast Trie-like structures for Python."
name = "marisa-trie"
optional = false
python-versions = ">=2.7, !=3.0.*, !=3.1.*, !=3.2.*, !=3.3.*"
version = "0.7.5"

[[package]]
category = "main"
description = "Python plotting package"
name = "matplotlib"
optional = false
python-versions = ">=3.6"
version = "3.1.1"

[package.dependencies]
cycler = ">=0.10"
kiwisolver = ">=1.0.1"
numpy = ">=1.11"
pyparsing = ">=2.0.1,<2.0.4 || >2.0.4,<2.1.2 || >2.1.2,<2.1.6 || >2.1.6"
python-dateutil = ">=2.1"

[[package]]
category = "main"
description = "A set of utilities for extracting and processing MediaWiki data."
name = "mediawiki-utilities"
optional = false
python-versions = "*"
version = "0.4.18"

[package.dependencies]
pymysql = ">=0.6.2"
requests = ">=2.4"

[[package]]
category = "main"
description = "More routines for operating on iterables, beyond itertools"
name = "more-itertools"
optional = false
python-versions = ">=3.4"
version = "7.2.0"

[[package]]
category = "main"
description = "MessagePack (de)serializer."
name = "msgpack"
optional = false
python-versions = "*"
version = "0.6.1"

[[package]]
category = "main"
description = "A set of utilities for writing MediaWiki command-line utilities"
name = "mwcli"
optional = false
python-versions = "*"
version = "0.0.2"

[package.dependencies]
docopt = "*"
para = "*"

[[package]]
category = "main"
description = "MWParserFromHell is a parser for MediaWiki wikicode."
name = "mwparserfromhell"
optional = false
python-versions = "*"
version = "0.5.4"

[[package]]
category = "main"
description = "A set of types for processing MediaWiki data."
name = "mwtypes"
optional = false
python-versions = "*"
version = "0.3.2"

[package.dependencies]
jsonable = ">=0.3.0"

[[package]]
category = "main"
description = "A set of utilities for processing MediaWiki XML dump data."
name = "mwxml"
optional = false
python-versions = "*"
version = "0.3.3"

[package.dependencies]
jsonschema = ">=2.5.1"
mwcli = ">=0.0.2"
mwtypes = ">=0.3.0"
para = ">=0.0.1"

[[package]]
category = "main"
description = "Natural Language Toolkit"
name = "nltk"
optional = false
python-versions = "*"
version = "3.4.5"

[package.dependencies]
six = "*"

[[package]]
category = "main"
description = "NumPy is the fundamental package for array computing with Python."
name = "numpy"
optional = false
python-versions = ">=3.5"
version = "1.17.1"

[[package]]
category = "main"
description = "A ctypes-based OpenCC converter for Chinese."
name = "opencc"
optional = false
python-versions = "*"
version = "0.2"

[[package]]
category = "main"
description = "Powerful data structures for data analysis, time series, and statistics"
name = "pandas"
optional = false
python-versions = ">=3.5.3"
version = "0.25.1"

[package.dependencies]
numpy = ">=1.13.3"
python-dateutil = ">=2.6.1"
pytz = ">=2017.2"

[[package]]
category = "main"
description = "a set utilities that ake advantage of python's 'multiprocessing' module to distribute CPU-intensive tasks"
name = "para"
optional = false
python-versions = "*"
version = "0.0.6"

[[package]]
category = "main"
description = "Plumbum: shell combinators library"
name = "plumbum"
optional = false
python-versions = "*"
version = "1.6.7"

[[package]]
category = "main"
description = "Wraps the portalocker recipe for easy usage"
name = "portalocker"
optional = false
python-versions = "*"
version = "1.5.1"

[package.dependencies]
pypiwin32 = "*"

[[package]]
category = "main"
description = "pyahocorasick is a fast and memory efficient library for exact or approximate multi-pattern string search.  With the ahocorasick.Automaton class, you can find multiple key strings occurrences at once in some input text.  You can use it as a plain dict-like Trie or convert a Trie to an automaton for efficient Aho-Corasick search.  Implemented in C and tested on Python 2.7 and 3.4+.  Works on Linux, Mac and Windows. BSD-3-clause license."
name = "pyahocorasick"
optional = false
python-versions = "*"
version = "1.1.9.dev1"

[package.source]
reference = "ca029040175eaba65719e301045dd2c9a821281e"
type = "git"
url = "https://github.com/frankier/pyahocorasick.git"
[[package]]
category = "main"
description = "PyBloom: A Probabilistic data structure."
name = "pybloom-mirror"
optional = false
python-versions = "*"
version = "2.0.0"

[package.dependencies]
bitarray = ">=0.3.4"

[[package]]
category = "main"
description = "Pure Python MySQL Driver"
name = "pymysql"
optional = false
python-versions = "*"
version = "0.9.3"

[[package]]
category = "main"
description = "Python parsing module"
name = "pyparsing"
optional = false
python-versions = ">=2.6, !=3.0.*, !=3.1.*, !=3.2.*"
version = "2.4.2"

[[package]]
category = "main"
description = ""
marker = "platform_system == \"Windows\""
name = "pypiwin32"
optional = false
python-versions = "*"
version = "223"

[package.dependencies]
pywin32 = ">=223"

[[package]]
category = "main"
description = "Persistent/Functional/Immutable data structures"
name = "pyrsistent"
optional = false
python-versions = "*"
version = "0.15.4"

[package.dependencies]
six = "*"

[[package]]
category = "main"
description = "Extensions to the standard Python datetime module"
name = "python-dateutil"
optional = false
python-versions = ">=2.7, !=3.0.*, !=3.1.*, !=3.2.*"
version = "2.8.0"

[package.dependencies]
six = ">=1.5"

[[package]]
category = "main"
description = "World timezone definitions, modern and historical"
name = "pytz"
optional = false
python-versions = "*"
version = "2019.2"

[[package]]
category = "main"
description = "Python for Window Extensions"
marker = "platform_system == \"Windows\""
name = "pywin32"
optional = false
python-versions = "*"
version = "224"

[[package]]
category = "main"
description = "Alternative regular expression module, to replace re."
name = "regex"
optional = false
python-versions = "*"
version = "2018.02.21"

[[package]]
category = "main"
description = "Python HTTP for Humans."
name = "requests"
optional = false
python-versions = ">=2.7, !=3.0.*, !=3.1.*, !=3.2.*, !=3.3.*, !=3.4.*"
version = "2.22.0"

[package.dependencies]
certifi = ">=2017.4.17"
chardet = ">=3.0.2,<3.1.0"
idna = ">=2.5,<2.9"
urllib3 = ">=1.21.1,<1.25.0 || >1.25.0,<1.25.1 || >1.25.1,<1.26"

[[package]]
category = "main"
description = "An Amazon S3 Transfer Manager"
name = "s3transfer"
optional = false
python-versions = "*"
version = "0.2.1"

[package.dependencies]
botocore = ">=1.12.36,<2.0.0"

[[package]]
category = "main"
description = "A set of python modules for machine learning and data mining"
name = "scikit-learn"
optional = false
python-versions = ">=3.5"
version = "0.21.3"

[package.dependencies]
joblib = ">=0.11"
numpy = ">=1.11.0"
scipy = ">=0.17.0"

[[package]]
category = "main"
description = "SciPy: Scientific Library for Python"
name = "scipy"
optional = false
python-versions = ">=3.5"
version = "1.3.1"

[package.dependencies]
numpy = ">=1.13.3"

[[package]]
category = "main"
description = "Python 2 and 3 compatibility utilities"
name = "six"
optional = false
python-versions = ">=2.6, !=3.0.*, !=3.1.*"
version = "1.12.0"

[[package]]
category = "main"
description = "Utils for streaming large files (S3, HDFS, gzip, bz2...)"
name = "smart-open"
optional = false
python-versions = "*"
version = "1.8.4"

[package.dependencies]
boto = ">=2.32"
boto3 = "*"
requests = "*"

[[package]]
category = "main"
description = "Database Abstraction Library"
name = "sqlalchemy"
optional = false
python-versions = ">=2.7, !=3.0.*, !=3.1.*, !=3.2.*, !=3.3.*"
version = "1.3.8"

[[package]]
category = "main"
description = "Persistent dict in Python, backed up by sqlite3 and pickle, multithread-safe."
name = "sqlitedict"
optional = false
python-versions = "*"
version = "1.6.0"

[[package]]
category = "main"
description = "Traceback serialization library."
name = "tblib"
optional = false
python-versions = ">=2.7, !=3.0.*, !=3.1.*, !=3.2.*, !=3.3.*"
version = "1.4.0"

[[package]]
category = "main"
description = "Ultra fast JSON encoder and decoder for Python"
name = "ujson"
optional = false
python-versions = "*"
version = "1.35"

[[package]]
category = "main"
description = "HTTP library with thread-safe connection pooling, file post, and more."
name = "urllib3"
optional = false
python-versions = ">=2.7, !=3.0.*, !=3.1.*, !=3.2.*, !=3.3.*, <4"
version = "1.25.3"

[[package]]
category = "main"
description = ""
name = "wikiparse"
optional = false
python-versions = "^3.7"
version = "0.1.0"

[package.dependencies]
boltons = "*"
click-log = "*"
finntk = ">=0.0.47"
langdetect = "^1.0"
mediawiki-utilities = "*"
more-itertools = "*"
mwparserfromhell = "*"
mwxml = "*"
nltk = "^3.4"
pandas = "*"
pybloom-mirror = ">=2.0.0"
sqlalchemy = "*"
sqlitedict = "*"
tblib = "*"
ujson = "*"
wordfreq = "^2.2"

[package.source]
reference = "14a20dfb40d6710e1bd43467a4f11cd92ecf22cf"
type = "git"
url = "https://github.com/frankier/wikiparse.git"
[[package]]
category = "main"
description = "wordfreq is a Python library for looking up the frequencies of words in many"
name = "wordfreq"
optional = false
python-versions = ">=3.3"
version = "2.2.1"

[package.dependencies]
langcodes = ">=1.4.1"
msgpack = "*"
regex = ">=2017.07.11,<=2018.02.21"

[metadata]
content-hash = "2c4d359a1541dc260fbd32452ba32245db8a776ac0ee94d9fb7f1437e6eaf81f"
python-versions = "^3.7"

[metadata.hashes]
appdirs = ["9e5896d1372858f8dd3344faf4e5014d21849c756c8d5701f78f8a103b372d92", "d8b24664561d0d34ddfaec54636d502d7cea6e29c3eaf68f3df6180863e2166e"]
attrs = ["69c0dbf2ed392de1cb5ec704444b08a5ef81680a61cb899dc08127123af36a79", "f0b870f674851ecbfbbbd364d6b5cbdff9dcedbc7f3f5e18a6891057f21fe399"]
bitarray = ["3eb500f8b9cde19e14472fcbee0195dbf0fbac006f8406a03f0cfb495dff20a0"]
boltons = ["7aa10b0f5b015678458a7d0422961fc0c7e823c05e644094c0e564931ce0b0df", "c32b2d121331a9bc7c220050d4273f3aa359b7569cb4794188e71524603113dc"]
boto = ["147758d41ae7240dc989f0039f27da8ca0d53734be0eb869ef16e3adcfa462e8", "ea0d3b40a2d852767be77ca343b58a9e3a4b00d9db440efb8da74b4e58025e5a"]
boto3 = ["654c7ebd6d089d5af634a8121f3960e50e283643660abcba07e602ac237f4839", "f114b586c307f73a46d6dfe9dfb1c37865354f48fc749794d96517527424d1f5"]
botocore = ["748fe4ee5cc8b10ef09e52c740b488402d6f6d4d1f0dde0c936da232b42b1bdd", "9ffd9264e4ad999d2929cfe1c7e413d4cdf76a8bd92f011dce31874f056d2e18"]
certifi = ["046832c04d4e752f37383b628bc601a7ea7211496b4638f6514d0e5b9acc4939", "945e3ba63a0b9f577b1395204e13c3a231f9bc0223888be653286534e5873695"]
chardet = ["84ab92ed1c4d4f16916e05906b6b75a6c0fb5db821cc65e70cbd64a3e2a5eaae", "fc323ffcaeaed0e0a02bf4d117757b98aed530d9ed4531e3e15460124c106691"]
click = ["2335065e6395b9e67ca716de5f7526736bfa6ceead690adf616d925bdc622b13", "5b94b49521f6456670fdb30cd82a4eca9412788a93fa6dd6df72c94d5a8ff2d7"]
click-log = ["16fd1ca3fc6b16c98cea63acf1ab474ea8e676849dc669d86afafb0ed7003124", "eee14dc37cdf3072158570f00406572f9e03e414accdccfccd4c538df9ae322c"]
conllu = ["0d395884a0634be71a2c1b97ca0d5f0c4c32d64a7d5192e004f6a2b60bec183f", "7ae79a4f9cf383e7d0135e88ae40614332727fe17b57ac5ffff1ce72470a0e7b"]
cycler = ["1d8a5ae1ff6c5cf9b93e8811e581232ad8920aeec647c37316ceac982b08cb2d", "cd7b2d1018258d7247a71425e9f26463dfb444d411c39569972f4ce586b0c9d8"]
docopt = ["49b3a825280bd66b3aa83585ef59c4a8c82f2c8a522dbe754a8bc8d08c85c491"]
docutils = ["6c4f696463b79f1fb8ba0c594b63840ebd41f059e92b31957c46b74a4599b6d0", "9e4d7ecfc600058e07ba661411a2b7de2fd0fafa17d1a7f7361cd47b1175c827", "a2aeea129088da402665e92e0b25b04b073c04b2dce4ab65caaa38b7ce2e1a99"]
finntk = ["3a93fee46aaa1afb6c72ba84f7bbfa3b02280d5a7009fb6f6a423cb4572fa2c0", "c6d4ad2f931530bf65b195650bf5cb9d79fe7c4e13a10a1633ce2a65de4e88e0"]
gensim = ["025f5c72baf0ec64deb9c61c8d4d9269f4ec12913b968774d22cc0b046f9bfbc", "1ea2d798aae1cb80d886812a1470a5a1d5c92b7f3665fe00cd571e62dcb74f1c", "388ad255dd82da921665c344a443bf0c396c4e7789196f88882c450b3f172253", "577d01923b8b23bd970dc05b67da490d446dcdb8d7b275ab664100fe54a3428c", "58dfc3a6e84e567bb5fcc08ea37ece9609ee6a75e4deee1e6b1dbcd1703f2c9e", "6a5e892f393f80ffb2758edc8896257028923e2fad1529b5fce7af4614322faa", "9da690b4b1b2297053210f3779db5cb1b6f935a3077c4473c848677b7e4c2e00", "c16a07fbf7e6b9bb8afdf03b33d6543ac83812f036f4a25da3d4ad82eedb47cd", "c2c6042d5116ef5760fc6794b9c7219bcf7780dfd543dc099bb9501e6c1f2fdd", "cf0bce0062eade9980a95a33726c537fdb8819e08c4aec65efae937b1669873e", "d87f0b8b895416ce013c14eec19fa1096a80970547919d0f1a0d903dab63adb1", "e13fef16faf50d462ea970fd9f454f7528d08395c1a0cf81bcbf97f89f03f674", "ec5de7ff2bfa8692fa96a846bb5aae52f267fc322fbbe303c1f042d258af5766", "ee338476ae4f33e496555bdc6045d6c27a23da6d7340068b6b9056769e897896", "f40312189e57c4a6f1583836186d99a268b825c3f947de3862b595b2ff6baf8e"]
hfst = ["3c26b641c05578ce7f3d8ac2f8ba51a173a535a7760756d3829d1d052631a230", "3e1fae730a930e64f980035974e3e6a74823c1c34dd7b8f00ea71abf599a0559", "78bab26574def77f5a66941c8a0500f3aa6bcc9930149378ecd249127eabc82a", "8884e529cb2bea9ad6389182c0b65851567c84168f0b7d8249d8711e95116057", "8a39829ab866c84f440b2c5c517a87007754e502214c59873a60270309ffb45b", "a5423c33b026d06f726b9289fe84c183d0bb1f65529af0f488e64bbfd6d37eb7", "bc490c1575ce83c48112f0a6cccb72fd512d62be9d3788754c89febce334eac1", "c10c2eb06fcdd56c3112978dd768d5c8bc20f4838773f435b00453015ad54104", "ce56058a2342cafa97e6866a3039b5841827a5f8880922e68bcb823516efe5f4", "e8fa4434df19833c054e3b4b4d22570719afb38d0c853a3ee90f79c30a38023b", "e9bca59f1ed2b4ed10ff0f017186b0f097abd89229537a68c83a73b493000030", "f67516a45e71822a144361f199f7e3bdcd20014d21e44b875c5cf143badc01a3"]
idna = ["c357b3f628cf53ae2c4c05627ecc484553142ca23264e593d327bcde5e9c3407", "ea8b7f6188e6fa117537c3df7da9fc686d485087abf6ac197f9c46432f7e4a3c"]
jmespath = ["3720a4b1bd659dd2eecad0666459b9788813e032b83e7ba58578e48254e0a0e6", "bde2aef6f44302dfb30320115b17d030798de8c4110e28d5cf6cf91a7a31074c"]
joblib = ["21e0c34a69ad7fde4f2b1f3402290e9ec46f545f15f1541c582edfe05d87b63a", "315d6b19643ec4afd4c41c671f9f2d65ea9d787da093487a81ead7b0bac94524"]
jsonable = ["137b676e8e5819fa58518678c3d1f5463cab7e8466f69b3641cbc438042eaee4", "f7754dd27b4734e42e7f8a61c2336bc98082f715e31e29a061a95843b102dc3a"]
jsonschema = ["5f9c0a719ca2ce14c5de2fd350a64fd2d13e8539db29836a86adc990bb1a068f", "8d4a2b7b6c2237e0199c8ea1a6d3e05bf118e289ae2b9d7ba444182a2959560d"]
kiwisolver = ["05b5b061e09f60f56244adc885c4a7867da25ca387376b02c1efc29cc16bcd0f", "26f4fbd6f5e1dabff70a9ba0d2c4bd30761086454aa30dddc5b52764ee4852b7", "3b2378ad387f49cbb328205bda569b9f87288d6bc1bf4cd683c34523a2341efe", "400599c0fe58d21522cae0e8b22318e09d9729451b17ee61ba8e1e7c0346565c", "47b8cb81a7d18dbaf4fed6a61c3cecdb5adec7b4ac292bddb0d016d57e8507d5", "53eaed412477c836e1b9522c19858a8557d6e595077830146182225613b11a75", "58e626e1f7dfbb620d08d457325a4cdac65d1809680009f46bf41eaf74ad0187", "5a52e1b006bfa5be04fe4debbcdd2688432a9af4b207a3f429c74ad625022641", "5c7ca4e449ac9f99b3b9d4693debb1d6d237d1542dd6a56b3305fe8a9620f883", "682e54f0ce8f45981878756d7203fd01e188cc6c8b2c5e2cf03675390b4534d5", "79bfb2f0bd7cbf9ea256612c9523367e5ec51d7cd616ae20ca2c90f575d839a2", "7f4dd50874177d2bb060d74769210f3bce1af87a8c7cf5b37d032ebf94f0aca3", "8944a16020c07b682df861207b7e0efcd2f46c7488619cb55f65882279119389", "8aa7009437640beb2768bfd06da049bad0df85f47ff18426261acecd1cf00897", "939f36f21a8c571686eb491acfffa9c7f1ac345087281b412d63ea39ca14ec4a", "9733b7f64bd9f807832d673355f79703f81f0b3e52bfce420fc00d8cb28c6a6c", "a02f6c3e229d0b7220bd74600e9351e18bc0c361b05f29adae0d10599ae0e326", "a0c0a9f06872330d0dd31b45607197caab3c22777600e88031bfe66799e70bb0", "acc4df99308111585121db217681f1ce0eecb48d3a828a2f9bbf9773f4937e9e", "b64916959e4ae0ac78af7c3e8cef4becee0c0e9694ad477b4c6b3a536de6a544", "d3fcf0819dc3fea58be1fd1ca390851bdb719a549850e708ed858503ff25d995", "d52e3b1868a4e8fd18b5cb15055c76820df514e26aa84cc02f593d99fef6707f", "db1a5d3cc4ae943d674718d6c47d2d82488ddd94b93b9e12d24aabdbfe48caee", "e3a21a720791712ed721c7b95d433e036134de6f18c77dbe96119eaf7aa08004", "e8bf074363ce2babeb4764d94f8e65efd22e6a7c74860a4f05a6947afc020ff2", "f16814a4a96dc04bf1da7d53ee8d5b1d6decfc1a92a63349bb15d37b6a263dd9", "f2b22153870ca5cf2ab9c940d7bc38e8e9089fa0f7e5856ea195e1cf4ff43d5a", "f790f8b3dff3d53453de6a7b7ddd173d2e020fb160baff578d578065b108a05f"]
langcodes = ["22cff103b6c0f3c9907d9a51c2d634177a50a189672ad16d959a3e2cd48eadab"]
langdetect = ["91a170d5f0ade380db809b3ba67f08e95fe6c6c8641f96d67a51ff7e98a9bf30"]
lextract = []
marisa-trie = ["4419abb6b603c97e863fad994abe57ed247fb12491f4bbacb2d762bd2e8958b6", "c73bc25d868e8c4ea7aa7f1e19892db07bba2463351269b05340ccfa06eb2baf"]
matplotlib = ["1febd22afe1489b13c6749ea059d392c03261b2950d1d45c17e3aed812080c93", "31a30d03f39528c79f3a592857be62a08595dec4ac034978ecd0f814fa0eec2d", "4442ce720907f67a79d45de9ada47be81ce17e6c2f448b3c64765af93f6829c9", "796edbd1182cbffa7e1e7a97f1e141f875a8501ba8dd834269ae3cd45a8c976f", "934e6243df7165aad097572abf5b6003c77c9b6c480c3c4de6f2ef1b5fdd4ec0", "bab9d848dbf1517bc58d1f486772e99919b19efef5dd8596d4b26f9f5ee08b6b", "c1fe1e6cdaa53f11f088b7470c2056c0df7d80ee4858dadf6cbe433fcba4323b", "e5b8aeca9276a3a988caebe9f08366ed519fff98f77c6df5b64d7603d0e42e36", "ec6bd0a6a58df3628ff269978f4a4b924a0d371ad8ce1f8e2b635b99e482877a"]
mediawiki-utilities = ["0be52fadf398ed9b55a08e10ebec8f1446f3f9c44c0c946433fa6de9428209fa", "2c33145a475c7c664947f06bf7142d2034f48e05c5ec2a055b182764b474e3db"]
more-itertools = ["409cd48d4db7052af495b09dec721011634af3753ae1ef92d2b32f73a745f832", "92b8c4b06dac4f0611c0729b2f2ede52b2e1bac1ab48f089c7ddc12e26bb60c4"]
msgpack = ["26cb40116111c232bc235ce131cc3b4e76549088cb154e66a2eb8ff6fcc907ec", "300fd3f2c664a3bf473d6a952f843b4a71454f4c592ed7e74a36b205c1782d28", "3129c355342853007de4a2a86e75eab966119733eb15748819b6554363d4e85c", "31f6d645ee5a97d59d3263fab9e6be76f69fa131cddc0d94091a3c8aca30d67a", "3ce7ef7ee2546c3903ca8c934d09250531b80c6127e6478781ae31ed835aac4c", "4008c72f5ef2b7936447dcb83db41d97e9791c83221be13d5e19db0796df1972", "62bd8e43d204580308d477a157b78d3fee2fb4c15d32578108dc5d89866036c8", "70cebfe08fb32f83051971264466eadf183101e335d8107b80002e632f425511", "72cb7cf85e9df5251abd7b61a1af1fb77add15f40fa7328e924a9c0b6bc7a533", "7c55649965c35eb32c499d17dadfb8f53358b961582846e1bc06f66b9bccc556", "86b963a5de11336ec26bc4f839327673c9796b398b9f1fe6bb6150c2a5d00f0f", "8c73c9bcdfb526247c5e4f4f6cf581b9bb86b388df82cfcaffde0a6e7bf3b43a", "8e68c76c6aff4849089962d25346d6784d38e02baa23ffa513cf46be72e3a540", "97ac6b867a8f63debc64f44efdc695109d541ecc361ee2dce2c8884ab37360a1", "9d4f546af72aa001241d74a79caec278bcc007b4bcde4099994732e98012c858", "a28e69fe5468c9f5251c7e4e7232286d71b7dfadc74f312006ebe984433e9746", "fd509d4aa95404ce8d86b4e32ce66d5d706fd6646c205e1c2a715d87078683a2"]
mwcli = ["4d2bb236376fe96a118fead47a65ffd4cf1997ec664d2e246b96d943db6e2a81", "e30ac6fa9359efcc262cd881721022e3285223a3ea1dbda81f34ed2ebc89708d"]
mwparserfromhell = ["049b4de541f0e03c0d9b745e9482fcd72637661ac8af7f924a7005bd46a4e551", "2df9222bc5fc8f82ad68a3dd06ee38bde47eff521c4315b32523938ed834c3a4", "301e7742c769be6a2dedc287be2ca6724b5e85ed6aadc788fc2ba0a17d11f509", "6377696e0fe0e12bdf9b94eeb2625edd3f30e373c72c593986c85eba60184575", "696381fb96682a37655a8dfc35393d60433622e65618fd9e003cc81cb6e10554", "78cf0686ea762ff06ede4d52af05abc9981fba881d8d6f1325d6b34fe3e5d295", "aaf5416ab9b75e99e286f8a4216f77a2f7d834afd4c8f81731e701e59bf99305", "b101d457343c948588de5c292267b273de7632227a47e564e5ab80a3b10c4df3", "dda8bc7807b5b77acebc5ea0699f0c95ca9a8d8151a36a2121d6affcfcdfcf87", "e1419c058cd4f644cc58af9ea13304d415d6d282a7b64beb5226ee3c25eb2cbf", "fb7000b444d11f850992dc7cb31c1d89fa544a28ab7f983a8aca3af29af5ea00"]
mwtypes = ["d6f3cae90eea4c88bc260101c8a082fb0ab22cca88e7474657b28cd9538794f3", "dc1176c5965629c123e859b319ae6151d4e385531e9a781604c0d4ca3434e399"]
mwxml = ["0848df0cf2e293718f554311acf4715bd679f639f4e52cbe47d8206589db1d31", "9695848b8b6987b6f6addc2a8accba5b2bcbc543702598194e182b508ab568a9"]
nltk = ["a08bdb4b8a1c13de16743068d9eb61c8c71c2e5d642e8e08205c528035843f82", "bed45551259aa2101381bbdd5df37d44ca2669c5c3dad72439fa459b29137d94"]
numpy = ["03f2ebcbffcce2dec8860633b89a93e80c6a239d21a77ae8b241450dc21e8c35", "078c8025da5ab9e8657edc9c2a1e9642e06e953bc7baa2e65c1aa9d9dfb7e98b", "0fbfa98c5d5c3c6489cc1e852ec94395d51f35d9ebe70c6850e47f465038cdf4", "1c841033f4fe6801648180c3033c45b3235a8bbd09bc7249010f99ea27bb6790", "2c0984a01ddd0aeec89f0ce46ef21d64761048cd76c0074d0658c91f9131f154", "4c166dcb0fff7cb3c0bbc682dfb5061852a2547efb6222e043a7932828c08fb5", "8c2d98d0623bd63fb883b65256c00454d5f53127a5a7bcdaa8bdc582814e8cb4", "8cb4b6ae45aad6d26712a1ce0a3f2556c5e1484867f9649e03496e45d6a5eba4", "93050e73c446c82065b7410221b07682e475ac51887cd9368227a5d944afae80", "a3f6b3024f8826d8b1490e6e2a9b99e841cd2c375791b1df62991bd8f4c00b89", "bede70fd8699695363f39e86c1e869b2c8b74fb5ef135a67b9e1eeebff50322a", "c304b2221f33489cd15a915237a84cdfe9420d7e4d4828c78a0820f9d990395c", "f11331530f0eff69a758d62c2461cd98cdc2eae0147279d8fc86e0464eb7e8ca", "fa5f2a8ef1e07ba258dc07d4dd246de23ef4ab920ae0f3fa2a1cc5e90f0f1888", "fb6178b0488b0ce6a54bc4accbdf5225e937383586555604155d64773f6beb2b", "fd5e830d4dc31658d61a6452cd3e842213594d8c15578cdae6829e36ad9c0930"]
opencc = ["bfca25fb46add057454075ba4c4dfed51c19c09944a960e3920ac22ba24097e2", "c845abfcd6936ea110ff19de0da85e5ed99953cb03836be975bd0d5b163618e1"]
pandas = ["18d91a9199d1dfaa01ad645f7540370ba630bdcef09daaf9edf45b4b1bca0232", "3f26e5da310a0c0b83ea50da1fd397de2640b02b424aa69be7e0784228f656c9", "4182e32f4456d2c64619e97c58571fa5ca0993d1e8c2d9ca44916185e1726e15", "426e590e2eb0e60f765271d668a30cf38b582eaae5ec9b31229c8c3c10c5bc21", "5eb934a8f0dc358f0e0cdf314072286bbac74e4c124b64371395e94644d5d919", "717928808043d3ea55b9bcde636d4a52d2236c246f6df464163a66ff59980ad8", "8145f97c5ed71827a6ec98ceaef35afed1377e2d19c4078f324d209ff253ecb5", "8744c84c914dcc59cbbb2943b32b7664df1039d99e834e1034a3372acb89ea4d", "c1ac1d9590d0c9314ebf01591bd40d4c03d710bfc84a3889e5263c97d7891dee", "cb2e197b7b0687becb026b84d3c242482f20cbb29a9981e43604eb67576da9f6", "d4001b71ad2c9b84ff18b182cea22b7b6cbf624216da3ea06fb7af28d1f93165", "d8930772adccb2882989ab1493fa74bd87d47c8ac7417f5dd3dd834ba8c24dc9", "dfbb0173ee2399bc4ed3caf2d236e5c0092f948aafd0a15fbe4a0e77ee61a958", "eebfbba048f4fa8ac711b22c78516e16ff8117d05a580e7eeef6b0c2be554c18", "f1b21bc5cf3dbea53d33615d1ead892dfdae9d7052fa8898083bec88be20dcd2"]
para = ["117a1af59db3b5650b98b3e466a89e6b96d60b4c5be6261198a19d21a64d5de6", "9354e572302adf8da42f99c054480168dc3737ea3cf1b17d129073627600c36a"]
plumbum = ["d143f079bfb60b11e9bec09a49695ce2e55ce5ca0246877bdb0818ab7c7fc312", "df96a5facf621db4a6d682bdc93afa5ed6b107a8667c73c3f0a0f0fab4217c81"]
portalocker = ["1ed88cff4807267ec3331d2a843529399256043851509c39487db97146dda821", "934a848531ecd03b78d780402ddbf57e518172c67f0b4b9fbe2ea253fdaf6c3f"]
pyahocorasick = []
pybloom-mirror = ["78e3f62a0f3873b7df24cdc0724c6c8a91ae38fbb0dbcc9104b60a1cb55b441f"]
pymysql = ["3943fbbbc1e902f41daf7f9165519f140c4451c179380677e6a848587042561a", "d8c059dcd81dedb85a9f034d5e22dcb4442c0b201908bede99e306d65ea7c8e7"]
pyparsing = ["6f98a7b9397e206d78cc01df10131398f1c8b8510a2f4d97d9abd82e1aacdd80", "d9338df12903bbf5d65a0e4e87c2161968b10d2e489652bb47001d82a9b028b4"]
pypiwin32 = ["67adf399debc1d5d14dffc1ab5acacb800da569754fafdc576b2a039485aa775", "71be40c1fbd28594214ecaecb58e7aa8b708eabfa0125c8a109ebd51edbd776a"]
pyrsistent = ["34b47fa169d6006b32e99d4b3c4031f155e6e68ebcc107d6454852e8e0ee6533"]
python-dateutil = ["7e6584c74aeed623791615e26efd690f29817a27c73085b78e4bad02493df2fb", "c89805f6f4d64db21ed966fda138f8a5ed7a4fdbc1a8ee329ce1b74e3c74da9e"]
pytz = ["26c0b32e437e54a18161324a2fca3c4b9846b74a8dccddd843113109e1116b32", "c894d57500a4cd2d5c71114aaab77dbab5eabd9022308ce5ac9bb93a60a6f0c7"]
pywin32 = ["22e218832a54ed206452c8f3ca9eff07ef327f8e597569a4c2828be5eaa09a77", "32b37abafbfeddb0fe718008d6aada5a71efa2874f068bee1f9e703983dcc49a", "35451edb44162d2f603b5b18bd427bc88fcbc74849eaa7a7e7cfe0f507e5c0c8", "4eda2e1e50faa706ff8226195b84fbcbd542b08c842a9b15e303589f85bfb41c", "5f265d72588806e134c8e1ede8561739071626ea4cc25c12d526aa7b82416ae5", "6852ceac5fdd7a146b570655c37d9eacd520ed1eaeec051ff41c6fc94243d8bf", "6dbc4219fe45ece6a0cc6baafe0105604fdee551b5e876dc475d3955b77190ec", "9bd07746ce7f2198021a9fa187fa80df7b221ec5e4c234ab6f00ea355a3baf99"]
regex = ["1b428a296531ea1642a7da48562746309c5c06471a97bd0c02dd6a82e9cecee8", "27d72bb42dffb32516c28d218bb054ce128afd3e18464f30837166346758af67", "32cf4743debee9ea12d3626ee21eae83052763740e04086304e7a74778bf58c9", "32f6408dbca35040bc65f9f4ae1444d5546411fde989cb71443a182dd643305e", "333687d9a44738c486735955993f83bd22061a416c48f5a5f9e765e90cf1b0c9", "35eeccf17af3b017a54d754e160af597036435c58eceae60f1dd1364ae1250c7", "361a1fd703a35580a4714ec28d85e29780081a4c399a99bbfb2aee695d72aedb", "494bed6396a20d3aa6376bdf2d3fbb1005b8f4339558d8ac7b53256755f80303", "5b9c0ddd5b4afa08c9074170a2ea9b34ea296e32aeea522faaaaeeeb2fe0af2e", "a50532f61b23d4ab9d216a6214f359dd05c911c1a1ad20986b6738a782926c1a", "a9243d7b359b72c681a2c32eaa7ace8d346b7e8ce09d172a683acf6853161d9c", "b44624a38d07d3c954c84ad302c29f7930f4bf01443beef5589e9157b14e2a29", "be42a601aaaeb7a317f818490a39d153952a97c40c6e9beeb2a1103616405348", "eee4d94b1a626490fc8170ffd788883f8c641b576e11ba9b4a29c9f6623371e0", "f69d1201a4750f763971ea8364ed95ee888fc128968b39d38883a72a4d005895"]
requests = ["11e007a8a2aa0323f5a921e9e6a2d7e4e67d9877e85773fba9ba6419025cbeb4", "9cf5292fcd0f598c671cfc1e0d7d1a7f13bb8085e9a590f48c010551dc6c4b31"]
s3transfer = ["6efc926738a3cd576c2a79725fed9afde92378aa5c6a957e3af010cb019fac9d", "b780f2411b824cb541dbcd2c713d0cb61c7d1bcadae204cdddda2b35cef493ba"]
scikit-learn = ["1ac81293d261747c25ea5a0ee8cd2bb1f3b5ba9ec05421a7f9f0feb4eb7c4116", "289361cf003d90b007f5066b27fcddc2d71324c82f1c88e316fedacb0dfdd516", "3a14d0abd4281fc3fd2149c486c3ec7cedad848b8d5f7b6f61522029d65a29f8", "5083a5e50d9d54548e4ada829598ae63a05651dd2bb319f821ffd9e8388384a6", "777cdd5c077b7ca9cb381396c81990cf41d2fa8350760d3cad3b4c460a7db644", "8bf2ff63da820d09b96b18e88f9625228457bff8df4618f6b087e12442ef9e15", "8d319b71c449627d178f21c57614e21747e54bb3fc9602b6f42906c3931aa320", "928050b65781fea9542dfe9bfe02d8c4f5530baa8472ec60782ea77347d2c836", "92c903613ff50e22aa95d589f9fff5deb6f34e79f7f21f609680087f137bb524", "ae322235def5ce8fae645b439e332e6f25d34bb90d6a6c8e261f17eb476457b7", "c1cd6b29eb1fd1cc672ac5e4a8be5f6ea936d094a3dc659ada0746d6fac750b1", "c41a6e2685d06bcdb0d26533af2540f54884d40db7e48baed6a5bcbf1a7cc642", "d07fcb0c0acbc043faa0e7cf4d2037f71193de3fb04fb8ed5c259b089af1cf5c", "d146d5443cda0a41f74276e42faf8c7f283fef49e8a853b832885239ef544e05", "eb2b7bed0a26ba5ce3700e15938b28a4f4513578d3e54a2156c29df19ac5fd01", "eb9b8ebf59eddd8b96366428238ab27d05a19e89c5516ce294abc35cea75d003"]
scipy = ["0baa64bf42592032f6f6445a07144e355ca876b177f47ad8d0612901c9375bef", "243b04730d7223d2b844bda9500310eecc9eda0cba9ceaf0cde1839f8287dfa8", "2643cfb46d97b7797d1dbdb6f3c23fe3402904e3c90e6facfe6a9b98d808c1b5", "396eb4cdad421f846a1498299474f0a3752921229388f91f60dc3eda55a00488", "3ae3692616975d3c10aca6d574d6b4ff95568768d4525f76222fb60f142075b9", "435d19f80b4dcf67dc090cc04fde2c5c8a70b3372e64f6a9c58c5b806abfa5a8", "46a5e55850cfe02332998b3aef481d33f1efee1960fe6cfee0202c7dd6fc21ab", "75b513c462e58eeca82b22fc00f0d1875a37b12913eee9d979233349fce5c8b2", "7ccfa44a08226825126c4ef0027aa46a38c928a10f0a8a8483c80dd9f9a0ad44", "89dd6a6d329e3f693d1204d5562dd63af0fd7a17854ced17f9cbc37d5b853c8d", "a81da2fe32f4eab8b60d56ad43e44d93d392da228a77e229e59b51508a00299c", "a9d606d11eb2eec7ef893eb825017fbb6eef1e1d0b98a5b7fc11446ebeb2b9b1", "ac37eb652248e2d7cbbfd89619dce5ecfd27d657e714ed049d82f19b162e8d45", "cbc0611699e420774e945f6a4e2830f7ca2b3ee3483fca1aa659100049487dd5", "d02d813ec9958ed63b390ded463163685af6025cb2e9a226ec2c477df90c6957", "dd3b52e00f93fd1c86f2d78243dfb0d02743c94dd1d34ffea10055438e63b99d"]
six = ["3350809f0555b11f552448330d0b52d5f24c91a322ea4a15ef22629740f3761c", "d16a0141ec1a18405cd4ce8b4613101da75da0e9a7aec5bdd4fa804d0e0eba73"]
smart-open = ["788e07f035defcbb62e3c1e313329a70b0976f4f65406ee767db73ad5d2d04f9"]
sqlalchemy = ["2f8ff566a4d3a92246d367f2e9cd6ed3edeef670dcd6dda6dfdc9efed88bcd80"]
sqlitedict = ["483d6a063c4648dec68d413eb29df74399661f8541dcb3ee926d28fc2f82cb24"]
tblib = ["49188d1ed69938811e654a8f6e6a3cfca8a578d8fa95318d8a9861c7f4fccd19", "bd1ad564564a158ff62c290687f3db446038f9ac11a0bf6892712e3601af3bcd"]
ujson = ["f66073e5506e91d204ab0c614a148d5aa938bdbf104751be66f8ad7a222f5f86"]
urllib3 = ["b246607a25ac80bedac05c6f282e3cdaf3afb65420fd024ac94435cabe6e18d1", "dbe59173209418ae49d485b87d1681aefa36252ee85884c31346debd19463232"]
wikiparse = []
wordfreq = ["15e85da56abd458909a514860219b91b16512cadc81aefe76e87141669dd72ca", "7cc7058859b8ef195110f8dae0764706cf33e4d0e72a7ed6a9f6adf89cb109d5"]
